// !$*UTF8*$!
{
	archiveVersion = 1;
	classes = {
	};
	objectVersion = 48;
	objects = {

/* Begin PBXBuildFile section */
		2B2ECBC207CEE134E10B611E /* Pods_EMTableView.framework in Frameworks */ = {isa = PBXBuildFile; fileRef = C28C4CB99C467F32578C0D68 /* Pods_EMTableView.framework */; };
		A8D22244781F4EDA271D8AA9 /* Pods_EMTableViewTests.framework in Frameworks */ = {isa = PBXBuildFile; fileRef = 5CB5FA5971533152502F80D4 /* Pods_EMTableViewTests.framework */; };
		F2344C8220031789001D3673 /* AppDelegate.swift in Sources */ = {isa = PBXBuildFile; fileRef = F2344C8120031789001D3673 /* AppDelegate.swift */; };
		F2344C8720031789001D3673 /* Main.storyboard in Resources */ = {isa = PBXBuildFile; fileRef = F2344C8520031789001D3673 /* Main.storyboard */; };
		F2344C8920031789001D3673 /* Assets.xcassets in Resources */ = {isa = PBXBuildFile; fileRef = F2344C8820031789001D3673 /* Assets.xcassets */; };
		F2344C8C20031789001D3673 /* LaunchScreen.storyboard in Resources */ = {isa = PBXBuildFile; fileRef = F2344C8A20031789001D3673 /* LaunchScreen.storyboard */; };
		F2344C9720031789001D3673 /* EMTableViewTests.swift in Sources */ = {isa = PBXBuildFile; fileRef = F2344C9620031789001D3673 /* EMTableViewTests.swift */; };
		F2344CA220031789001D3673 /* EMTableViewUITests.swift in Sources */ = {isa = PBXBuildFile; fileRef = F2344CA120031789001D3673 /* EMTableViewUITests.swift */; };
		F2344CB02003182A001D3673 /* UsersViewController.swift in Sources */ = {isa = PBXBuildFile; fileRef = F2344CAF2003182A001D3673 /* UsersViewController.swift */; };
		F2344CB2200318E9001D3673 /* Data.swift in Sources */ = {isa = PBXBuildFile; fileRef = F2344CB1200318E9001D3673 /* Data.swift */; };
		F2344CB420031B2A001D3673 /* User.swift in Sources */ = {isa = PBXBuildFile; fileRef = F2344CB320031B2A001D3673 /* User.swift */; };
		F27780D72003B243006ED547 /* UserViewController.swift in Sources */ = {isa = PBXBuildFile; fileRef = F27780D62003B243006ED547 /* UserViewController.swift */; };
		F3BEC6AABE87D9178A537E62 /* Pods_EMTableViewUITests.framework in Frameworks */ = {isa = PBXBuildFile; fileRef = 66AB85E96AF037A5D2ACB5E8 /* Pods_EMTableViewUITests.framework */; };
/* End PBXBuildFile section */

/* Begin PBXContainerItemProxy section */
		F2344C9320031789001D3673 /* PBXContainerItemProxy */ = {
			isa = PBXContainerItemProxy;
			containerPortal = F2344C7620031789001D3673 /* Project object */;
			proxyType = 1;
			remoteGlobalIDString = F2344C7D20031789001D3673;
			remoteInfo = EMTableView;
		};
		F2344C9E20031789001D3673 /* PBXContainerItemProxy */ = {
			isa = PBXContainerItemProxy;
			containerPortal = F2344C7620031789001D3673 /* Project object */;
			proxyType = 1;
			remoteGlobalIDString = F2344C7D20031789001D3673;
			remoteInfo = EMTableView;
		};
/* End PBXContainerItemProxy section */

/* Begin PBXFileReference section */
		5CB5FA5971533152502F80D4 /* Pods_EMTableViewTests.framework */ = {isa = PBXFileReference; explicitFileType = wrapper.framework; includeInIndex = 0; path = Pods_EMTableViewTests.framework; sourceTree = BUILT_PRODUCTS_DIR; };
		6165A335F82031038CA3689D /* Pods-EMTableViewTests.debug.xcconfig */ = {isa = PBXFileReference; includeInIndex = 1; lastKnownFileType = text.xcconfig; name = "Pods-EMTableViewTests.debug.xcconfig"; path = "Pods/Target Support Files/Pods-EMTableViewTests/Pods-EMTableViewTests.debug.xcconfig"; sourceTree = "<group>"; };
		66AB85E96AF037A5D2ACB5E8 /* Pods_EMTableViewUITests.framework */ = {isa = PBXFileReference; explicitFileType = wrapper.framework; includeInIndex = 0; path = Pods_EMTableViewUITests.framework; sourceTree = BUILT_PRODUCTS_DIR; };
		6CC98F77932C169D0CDAB3AD /* Pods-EMTableViewUITests.debug.xcconfig */ = {isa = PBXFileReference; includeInIndex = 1; lastKnownFileType = text.xcconfig; name = "Pods-EMTableViewUITests.debug.xcconfig"; path = "Pods/Target Support Files/Pods-EMTableViewUITests/Pods-EMTableViewUITests.debug.xcconfig"; sourceTree = "<group>"; };
		6EC9113B8E4CE4C9183EC0B0 /* Pods-EMTableViewUITests.release.xcconfig */ = {isa = PBXFileReference; includeInIndex = 1; lastKnownFileType = text.xcconfig; name = "Pods-EMTableViewUITests.release.xcconfig"; path = "Pods/Target Support Files/Pods-EMTableViewUITests/Pods-EMTableViewUITests.release.xcconfig"; sourceTree = "<group>"; };
		8C929D48FC2AEE39F82954B1 /* Pods-EMTableViewTests.release.xcconfig */ = {isa = PBXFileReference; includeInIndex = 1; lastKnownFileType = text.xcconfig; name = "Pods-EMTableViewTests.release.xcconfig"; path = "Pods/Target Support Files/Pods-EMTableViewTests/Pods-EMTableViewTests.release.xcconfig"; sourceTree = "<group>"; };
		C28C4CB99C467F32578C0D68 /* Pods_EMTableView.framework */ = {isa = PBXFileReference; explicitFileType = wrapper.framework; includeInIndex = 0; path = Pods_EMTableView.framework; sourceTree = BUILT_PRODUCTS_DIR; };
		CC3A1D2B9C249DA04C88526B /* Pods-EMTableView.release.xcconfig */ = {isa = PBXFileReference; includeInIndex = 1; lastKnownFileType = text.xcconfig; name = "Pods-EMTableView.release.xcconfig"; path = "Pods/Target Support Files/Pods-EMTableView/Pods-EMTableView.release.xcconfig"; sourceTree = "<group>"; };
		F2344C7E20031789001D3673 /* EMTableView.app */ = {isa = PBXFileReference; explicitFileType = wrapper.application; includeInIndex = 0; path = EMTableView.app; sourceTree = BUILT_PRODUCTS_DIR; };
		F2344C8120031789001D3673 /* AppDelegate.swift */ = {isa = PBXFileReference; lastKnownFileType = sourcecode.swift; path = AppDelegate.swift; sourceTree = "<group>"; };
		F2344C8620031789001D3673 /* Base */ = {isa = PBXFileReference; lastKnownFileType = file.storyboard; name = Base; path = Base.lproj/Main.storyboard; sourceTree = "<group>"; };
		F2344C8820031789001D3673 /* Assets.xcassets */ = {isa = PBXFileReference; lastKnownFileType = folder.assetcatalog; path = Assets.xcassets; sourceTree = "<group>"; };
		F2344C8B20031789001D3673 /* Base */ = {isa = PBXFileReference; lastKnownFileType = file.storyboard; name = Base; path = Base.lproj/LaunchScreen.storyboard; sourceTree = "<group>"; };
		F2344C8D20031789001D3673 /* Info.plist */ = {isa = PBXFileReference; lastKnownFileType = text.plist.xml; path = Info.plist; sourceTree = "<group>"; };
		F2344C9220031789001D3673 /* EMTableViewTests.xctest */ = {isa = PBXFileReference; explicitFileType = wrapper.cfbundle; includeInIndex = 0; path = EMTableViewTests.xctest; sourceTree = BUILT_PRODUCTS_DIR; };
		F2344C9620031789001D3673 /* EMTableViewTests.swift */ = {isa = PBXFileReference; lastKnownFileType = sourcecode.swift; path = EMTableViewTests.swift; sourceTree = "<group>"; };
		F2344C9820031789001D3673 /* Info.plist */ = {isa = PBXFileReference; lastKnownFileType = text.plist.xml; path = Info.plist; sourceTree = "<group>"; };
		F2344C9D20031789001D3673 /* EMTableViewUITests.xctest */ = {isa = PBXFileReference; explicitFileType = wrapper.cfbundle; includeInIndex = 0; path = EMTableViewUITests.xctest; sourceTree = BUILT_PRODUCTS_DIR; };
		F2344CA120031789001D3673 /* EMTableViewUITests.swift */ = {isa = PBXFileReference; lastKnownFileType = sourcecode.swift; path = EMTableViewUITests.swift; sourceTree = "<group>"; };
		F2344CA320031789001D3673 /* Info.plist */ = {isa = PBXFileReference; lastKnownFileType = text.plist.xml; path = Info.plist; sourceTree = "<group>"; };
		F2344CAF2003182A001D3673 /* UsersViewController.swift */ = {isa = PBXFileReference; lastKnownFileType = sourcecode.swift; path = UsersViewController.swift; sourceTree = "<group>"; };
		F2344CB1200318E9001D3673 /* Data.swift */ = {isa = PBXFileReference; lastKnownFileType = sourcecode.swift; path = Data.swift; sourceTree = "<group>"; };
		F2344CB320031B2A001D3673 /* User.swift */ = {isa = PBXFileReference; lastKnownFileType = sourcecode.swift; path = User.swift; sourceTree = "<group>"; };
		F27780D62003B243006ED547 /* UserViewController.swift */ = {isa = PBXFileReference; lastKnownFileType = sourcecode.swift; path = UserViewController.swift; sourceTree = "<group>"; };
		FE5A2D76CEBDBB25461B4901 /* Pods-EMTableView.debug.xcconfig */ = {isa = PBXFileReference; includeInIndex = 1; lastKnownFileType = text.xcconfig; name = "Pods-EMTableView.debug.xcconfig"; path = "Pods/Target Support Files/Pods-EMTableView/Pods-EMTableView.debug.xcconfig"; sourceTree = "<group>"; };
/* End PBXFileReference section */

/* Begin PBXFrameworksBuildPhase section */
		F2344C7B20031789001D3673 /* Frameworks */ = {
			isa = PBXFrameworksBuildPhase;
			buildActionMask = 2147483647;
			files = (
				2B2ECBC207CEE134E10B611E /* Pods_EMTableView.framework in Frameworks */,
			);
			runOnlyForDeploymentPostprocessing = 0;
		};
		F2344C8F20031789001D3673 /* Frameworks */ = {
			isa = PBXFrameworksBuildPhase;
			buildActionMask = 2147483647;
			files = (
				A8D22244781F4EDA271D8AA9 /* Pods_EMTableViewTests.framework in Frameworks */,
			);
			runOnlyForDeploymentPostprocessing = 0;
		};
		F2344C9A20031789001D3673 /* Frameworks */ = {
			isa = PBXFrameworksBuildPhase;
			buildActionMask = 2147483647;
			files = (
				F3BEC6AABE87D9178A537E62 /* Pods_EMTableViewUITests.framework in Frameworks */,
			);
			runOnlyForDeploymentPostprocessing = 0;
		};
/* End PBXFrameworksBuildPhase section */

/* Begin PBXGroup section */
		24D1A3EBF6A3EF0DB4011F87 /* Pods */ = {
			isa = PBXGroup;
			children = (
				FE5A2D76CEBDBB25461B4901 /* Pods-EMTableView.debug.xcconfig */,
				CC3A1D2B9C249DA04C88526B /* Pods-EMTableView.release.xcconfig */,
				6165A335F82031038CA3689D /* Pods-EMTableViewTests.debug.xcconfig */,
				8C929D48FC2AEE39F82954B1 /* Pods-EMTableViewTests.release.xcconfig */,
				6CC98F77932C169D0CDAB3AD /* Pods-EMTableViewUITests.debug.xcconfig */,
				6EC9113B8E4CE4C9183EC0B0 /* Pods-EMTableViewUITests.release.xcconfig */,
			);
			name = Pods;
			sourceTree = "<group>";
		};
		B3857B403A402230CD679A48 /* Frameworks */ = {
			isa = PBXGroup;
			children = (
				C28C4CB99C467F32578C0D68 /* Pods_EMTableView.framework */,
				5CB5FA5971533152502F80D4 /* Pods_EMTableViewTests.framework */,
				66AB85E96AF037A5D2ACB5E8 /* Pods_EMTableViewUITests.framework */,
			);
			name = Frameworks;
			sourceTree = "<group>";
		};
		F2344C7520031789001D3673 = {
			isa = PBXGroup;
			children = (
				F2344C8020031789001D3673 /* EMTableView */,
				F2344C9520031789001D3673 /* EMTableViewTests */,
				F2344CA020031789001D3673 /* EMTableViewUITests */,
				F2344C7F20031789001D3673 /* Products */,
				24D1A3EBF6A3EF0DB4011F87 /* Pods */,
				B3857B403A402230CD679A48 /* Frameworks */,
			);
			sourceTree = "<group>";
		};
		F2344C7F20031789001D3673 /* Products */ = {
			isa = PBXGroup;
			children = (
				F2344C7E20031789001D3673 /* EMTableView.app */,
				F2344C9220031789001D3673 /* EMTableViewTests.xctest */,
				F2344C9D20031789001D3673 /* EMTableViewUITests.xctest */,
			);
			name = Products;
			sourceTree = "<group>";
		};
		F2344C8020031789001D3673 /* EMTableView */ = {
			isa = PBXGroup;
			children = (
				F2344C8120031789001D3673 /* AppDelegate.swift */,
				F2344CAF2003182A001D3673 /* UsersViewController.swift */,
				F27780D62003B243006ED547 /* UserViewController.swift */,
				F2344CB320031B2A001D3673 /* User.swift */,
				F2344CB1200318E9001D3673 /* Data.swift */,
				F2344C8520031789001D3673 /* Main.storyboard */,
				F2344C8820031789001D3673 /* Assets.xcassets */,
				F2344C8A20031789001D3673 /* LaunchScreen.storyboard */,
				F2344C8D20031789001D3673 /* Info.plist */,
			);
			path = EMTableView;
			sourceTree = "<group>";
		};
		F2344C9520031789001D3673 /* EMTableViewTests */ = {
			isa = PBXGroup;
			children = (
				F2344C9620031789001D3673 /* EMTableViewTests.swift */,
				F2344C9820031789001D3673 /* Info.plist */,
			);
			path = EMTableViewTests;
			sourceTree = "<group>";
		};
		F2344CA020031789001D3673 /* EMTableViewUITests */ = {
			isa = PBXGroup;
			children = (
				F2344CA120031789001D3673 /* EMTableViewUITests.swift */,
				F2344CA320031789001D3673 /* Info.plist */,
			);
			path = EMTableViewUITests;
			sourceTree = "<group>";
		};
/* End PBXGroup section */

/* Begin PBXNativeTarget section */
		F2344C7D20031789001D3673 /* EMTableView */ = {
			isa = PBXNativeTarget;
			buildConfigurationList = F2344CA620031789001D3673 /* Build configuration list for PBXNativeTarget "EMTableView" */;
			buildPhases = (
				54F814AF785AF59F0122E1E7 /* [CP] Check Pods Manifest.lock */,
				F2344C7A20031789001D3673 /* Sources */,
				F2344C7B20031789001D3673 /* Frameworks */,
				F2344C7C20031789001D3673 /* Resources */,
				FDD51FD0D7241184E2FFB3CC /* [CP] Embed Pods Frameworks */,
				DEB71AFD8ECDBA7018CCB895 /* [CP] Copy Pods Resources */,
			);
			buildRules = (
			);
			dependencies = (
			);
			name = EMTableView;
			productName = EMTableView;
			productReference = F2344C7E20031789001D3673 /* EMTableView.app */;
			productType = "com.apple.product-type.application";
		};
		F2344C9120031789001D3673 /* EMTableViewTests */ = {
			isa = PBXNativeTarget;
			buildConfigurationList = F2344CA920031789001D3673 /* Build configuration list for PBXNativeTarget "EMTableViewTests" */;
			buildPhases = (
				04D850B8788739FF21DBC79E /* [CP] Check Pods Manifest.lock */,
				F2344C8E20031789001D3673 /* Sources */,
				F2344C8F20031789001D3673 /* Frameworks */,
				F2344C9020031789001D3673 /* Resources */,
				CB5F7CF3EFCEEAF23898772A /* [CP] Embed Pods Frameworks */,
				D8030EAD9F92604601F3604F /* [CP] Copy Pods Resources */,
			);
			buildRules = (
			);
			dependencies = (
				F2344C9420031789001D3673 /* PBXTargetDependency */,
			);
			name = EMTableViewTests;
			productName = EMTableViewTests;
			productReference = F2344C9220031789001D3673 /* EMTableViewTests.xctest */;
			productType = "com.apple.product-type.bundle.unit-test";
		};
		F2344C9C20031789001D3673 /* EMTableViewUITests */ = {
			isa = PBXNativeTarget;
			buildConfigurationList = F2344CAC20031789001D3673 /* Build configuration list for PBXNativeTarget "EMTableViewUITests" */;
			buildPhases = (
				E1A78B26E59272E3DC35A1C1 /* [CP] Check Pods Manifest.lock */,
				F2344C9920031789001D3673 /* Sources */,
				F2344C9A20031789001D3673 /* Frameworks */,
				F2344C9B20031789001D3673 /* Resources */,
				BFB6146E8E2539706C2AE24A /* [CP] Embed Pods Frameworks */,
				6D6D0DBE3B8B8A19899817CD /* [CP] Copy Pods Resources */,
			);
			buildRules = (
			);
			dependencies = (
				F2344C9F20031789001D3673 /* PBXTargetDependency */,
			);
			name = EMTableViewUITests;
			productName = EMTableViewUITests;
			productReference = F2344C9D20031789001D3673 /* EMTableViewUITests.xctest */;
			productType = "com.apple.product-type.bundle.ui-testing";
		};
/* End PBXNativeTarget section */

/* Begin PBXProject section */
		F2344C7620031789001D3673 /* Project object */ = {
			isa = PBXProject;
			attributes = {
				LastSwiftUpdateCheck = 0920;
				LastUpgradeCheck = 0920;
				ORGANIZATIONNAME = "Edgard Matos";
				TargetAttributes = {
					F2344C7D20031789001D3673 = {
						CreatedOnToolsVersion = 9.2;
						ProvisioningStyle = Automatic;
					};
					F2344C9120031789001D3673 = {
						CreatedOnToolsVersion = 9.2;
						ProvisioningStyle = Automatic;
						TestTargetID = F2344C7D20031789001D3673;
					};
					F2344C9C20031789001D3673 = {
						CreatedOnToolsVersion = 9.2;
						ProvisioningStyle = Automatic;
						TestTargetID = F2344C7D20031789001D3673;
					};
				};
			};
			buildConfigurationList = F2344C7920031789001D3673 /* Build configuration list for PBXProject "EMTableView" */;
			compatibilityVersion = "Xcode 8.0";
			developmentRegion = en;
			hasScannedForEncodings = 0;
			knownRegions = (
				en,
				Base,
			);
			mainGroup = F2344C7520031789001D3673;
			productRefGroup = F2344C7F20031789001D3673 /* Products */;
			projectDirPath = "";
			projectRoot = "";
			targets = (
				F2344C7D20031789001D3673 /* EMTableView */,
				F2344C9120031789001D3673 /* EMTableViewTests */,
				F2344C9C20031789001D3673 /* EMTableViewUITests */,
			);
		};
/* End PBXProject section */

/* Begin PBXResourcesBuildPhase section */
		F2344C7C20031789001D3673 /* Resources */ = {
			isa = PBXResourcesBuildPhase;
			buildActionMask = 2147483647;
			files = (
				F2344C8C20031789001D3673 /* LaunchScreen.storyboard in Resources */,
				F2344C8920031789001D3673 /* Assets.xcassets in Resources */,
				F2344C8720031789001D3673 /* Main.storyboard in Resources */,
			);
			runOnlyForDeploymentPostprocessing = 0;
		};
		F2344C9020031789001D3673 /* Resources */ = {
			isa = PBXResourcesBuildPhase;
			buildActionMask = 2147483647;
			files = (
			);
			runOnlyForDeploymentPostprocessing = 0;
		};
		F2344C9B20031789001D3673 /* Resources */ = {
			isa = PBXResourcesBuildPhase;
			buildActionMask = 2147483647;
			files = (
			);
			runOnlyForDeploymentPostprocessing = 0;
		};
/* End PBXResourcesBuildPhase section */

/* Begin PBXShellScriptBuildPhase section */
		04D850B8788739FF21DBC79E /* [CP] Check Pods Manifest.lock */ = {
			isa = PBXShellScriptBuildPhase;
			buildActionMask = 2147483647;
			files = (
			);
			inputPaths = (
				"${PODS_PODFILE_DIR_PATH}/Podfile.lock",
				"${PODS_ROOT}/Manifest.lock",
			);
			name = "[CP] Check Pods Manifest.lock";
			outputPaths = (
				"$(DERIVED_FILE_DIR)/Pods-EMTableViewTests-checkManifestLockResult.txt",
			);
			runOnlyForDeploymentPostprocessing = 0;
			shellPath = /bin/sh;
			shellScript = "diff \"${PODS_PODFILE_DIR_PATH}/Podfile.lock\" \"${PODS_ROOT}/Manifest.lock\" > /dev/null\nif [ $? != 0 ] ; then\n    # print error to STDERR\n    echo \"error: The sandbox is not in sync with the Podfile.lock. Run 'pod install' or update your CocoaPods installation.\" >&2\n    exit 1\nfi\n# This output is used by Xcode 'outputs' to avoid re-running this script phase.\necho \"SUCCESS\" > \"${SCRIPT_OUTPUT_FILE_0}\"\n";
			showEnvVarsInLog = 0;
		};
		54F814AF785AF59F0122E1E7 /* [CP] Check Pods Manifest.lock */ = {
			isa = PBXShellScriptBuildPhase;
			buildActionMask = 2147483647;
			files = (
			);
			inputPaths = (
				"${PODS_PODFILE_DIR_PATH}/Podfile.lock",
				"${PODS_ROOT}/Manifest.lock",
			);
			name = "[CP] Check Pods Manifest.lock";
			outputPaths = (
				"$(DERIVED_FILE_DIR)/Pods-EMTableView-checkManifestLockResult.txt",
			);
			runOnlyForDeploymentPostprocessing = 0;
			shellPath = /bin/sh;
			shellScript = "diff \"${PODS_PODFILE_DIR_PATH}/Podfile.lock\" \"${PODS_ROOT}/Manifest.lock\" > /dev/null\nif [ $? != 0 ] ; then\n    # print error to STDERR\n    echo \"error: The sandbox is not in sync with the Podfile.lock. Run 'pod install' or update your CocoaPods installation.\" >&2\n    exit 1\nfi\n# This output is used by Xcode 'outputs' to avoid re-running this script phase.\necho \"SUCCESS\" > \"${SCRIPT_OUTPUT_FILE_0}\"\n";
			showEnvVarsInLog = 0;
		};
		6D6D0DBE3B8B8A19899817CD /* [CP] Copy Pods Resources */ = {
			isa = PBXShellScriptBuildPhase;
			buildActionMask = 2147483647;
			files = (
			);
			inputPaths = (
			);
			name = "[CP] Copy Pods Resources";
			outputPaths = (
			);
			runOnlyForDeploymentPostprocessing = 0;
			shellPath = /bin/sh;
			shellScript = "\"${SRCROOT}/Pods/Target Support Files/Pods-EMTableViewUITests/Pods-EMTableViewUITests-resources.sh\"\n";
			showEnvVarsInLog = 0;
		};
		BFB6146E8E2539706C2AE24A /* [CP] Embed Pods Frameworks */ = {
			isa = PBXShellScriptBuildPhase;
			buildActionMask = 2147483647;
			files = (
			);
			inputPaths = (
			);
			name = "[CP] Embed Pods Frameworks";
			outputPaths = (
			);
			runOnlyForDeploymentPostprocessing = 0;
			shellPath = /bin/sh;
			shellScript = "\"${SRCROOT}/Pods/Target Support Files/Pods-EMTableViewUITests/Pods-EMTableViewUITests-frameworks.sh\"\n";
			showEnvVarsInLog = 0;
		};
		CB5F7CF3EFCEEAF23898772A /* [CP] Embed Pods Frameworks */ = {
			isa = PBXShellScriptBuildPhase;
			buildActionMask = 2147483647;
			files = (
			);
			inputPaths = (
			);
			name = "[CP] Embed Pods Frameworks";
			outputPaths = (
			);
			runOnlyForDeploymentPostprocessing = 0;
			shellPath = /bin/sh;
			shellScript = "\"${SRCROOT}/Pods/Target Support Files/Pods-EMTableViewTests/Pods-EMTableViewTests-frameworks.sh\"\n";
			showEnvVarsInLog = 0;
		};
		D8030EAD9F92604601F3604F /* [CP] Copy Pods Resources */ = {
			isa = PBXShellScriptBuildPhase;
			buildActionMask = 2147483647;
			files = (
			);
			inputPaths = (
			);
			name = "[CP] Copy Pods Resources";
			outputPaths = (
			);
			runOnlyForDeploymentPostprocessing = 0;
			shellPath = /bin/sh;
			shellScript = "\"${SRCROOT}/Pods/Target Support Files/Pods-EMTableViewTests/Pods-EMTableViewTests-resources.sh\"\n";
			showEnvVarsInLog = 0;
		};
		DEB71AFD8ECDBA7018CCB895 /* [CP] Copy Pods Resources */ = {
			isa = PBXShellScriptBuildPhase;
			buildActionMask = 2147483647;
			files = (
			);
			inputPaths = (
			);
			name = "[CP] Copy Pods Resources";
			outputPaths = (
			);
			runOnlyForDeploymentPostprocessing = 0;
			shellPath = /bin/sh;
			shellScript = "\"${SRCROOT}/Pods/Target Support Files/Pods-EMTableView/Pods-EMTableView-resources.sh\"\n";
			showEnvVarsInLog = 0;
		};
		E1A78B26E59272E3DC35A1C1 /* [CP] Check Pods Manifest.lock */ = {
			isa = PBXShellScriptBuildPhase;
			buildActionMask = 2147483647;
			files = (
			);
			inputPaths = (
				"${PODS_PODFILE_DIR_PATH}/Podfile.lock",
				"${PODS_ROOT}/Manifest.lock",
			);
			name = "[CP] Check Pods Manifest.lock";
			outputPaths = (
				"$(DERIVED_FILE_DIR)/Pods-EMTableViewUITests-checkManifestLockResult.txt",
			);
			runOnlyForDeploymentPostprocessing = 0;
			shellPath = /bin/sh;
			shellScript = "diff \"${PODS_PODFILE_DIR_PATH}/Podfile.lock\" \"${PODS_ROOT}/Manifest.lock\" > /dev/null\nif [ $? != 0 ] ; then\n    # print error to STDERR\n    echo \"error: The sandbox is not in sync with the Podfile.lock. Run 'pod install' or update your CocoaPods installation.\" >&2\n    exit 1\nfi\n# This output is used by Xcode 'outputs' to avoid re-running this script phase.\necho \"SUCCESS\" > \"${SCRIPT_OUTPUT_FILE_0}\"\n";
			showEnvVarsInLog = 0;
		};
		FDD51FD0D7241184E2FFB3CC /* [CP] Embed Pods Frameworks */ = {
			isa = PBXShellScriptBuildPhase;
			buildActionMask = 2147483647;
			files = (
			);
			inputPaths = (
				"${SRCROOT}/Pods/Target Support Files/Pods-EMTableView/Pods-EMTableView-frameworks.sh",
				"${BUILT_PRODUCTS_DIR}/Realm/Realm.framework",
				"${BUILT_PRODUCTS_DIR}/RealmSwift/RealmSwift.framework",
			);
			name = "[CP] Embed Pods Frameworks";
			outputPaths = (
				"${TARGET_BUILD_DIR}/${FRAMEWORKS_FOLDER_PATH}/Realm.framework",
				"${TARGET_BUILD_DIR}/${FRAMEWORKS_FOLDER_PATH}/RealmSwift.framework",
			);
			runOnlyForDeploymentPostprocessing = 0;
			shellPath = /bin/sh;
			shellScript = "\"${SRCROOT}/Pods/Target Support Files/Pods-EMTableView/Pods-EMTableView-frameworks.sh\"\n";
			showEnvVarsInLog = 0;
		};
/* End PBXShellScriptBuildPhase section */

/* Begin PBXSourcesBuildPhase section */
		F2344C7A20031789001D3673 /* Sources */ = {
			isa = PBXSourcesBuildPhase;
			buildActionMask = 2147483647;
			files = (
				F2344CB420031B2A001D3673 /* User.swift in Sources */,
				F27780D72003B243006ED547 /* UserViewController.swift in Sources */,
				F2344C8220031789001D3673 /* AppDelegate.swift in Sources */,
				F2344CB2200318E9001D3673 /* Data.swift in Sources */,
				F2344CB02003182A001D3673 /* UsersViewController.swift in Sources */,
			);
			runOnlyForDeploymentPostprocessing = 0;
		};
		F2344C8E20031789001D3673 /* Sources */ = {
			isa = PBXSourcesBuildPhase;
			buildActionMask = 2147483647;
			files = (
				F2344C9720031789001D3673 /* EMTableViewTests.swift in Sources */,
			);
			runOnlyForDeploymentPostprocessing = 0;
		};
		F2344C9920031789001D3673 /* Sources */ = {
			isa = PBXSourcesBuildPhase;
			buildActionMask = 2147483647;
			files = (
				F2344CA220031789001D3673 /* EMTableViewUITests.swift in Sources */,
			);
			runOnlyForDeploymentPostprocessing = 0;
		};
/* End PBXSourcesBuildPhase section */

/* Begin PBXTargetDependency section */
		F2344C9420031789001D3673 /* PBXTargetDependency */ = {
			isa = PBXTargetDependency;
			target = F2344C7D20031789001D3673 /* EMTableView */;
			targetProxy = F2344C9320031789001D3673 /* PBXContainerItemProxy */;
		};
		F2344C9F20031789001D3673 /* PBXTargetDependency */ = {
			isa = PBXTargetDependency;
			target = F2344C7D20031789001D3673 /* EMTableView */;
			targetProxy = F2344C9E20031789001D3673 /* PBXContainerItemProxy */;
		};
/* End PBXTargetDependency section */

/* Begin PBXVariantGroup section */
		F2344C8520031789001D3673 /* Main.storyboard */ = {
			isa = PBXVariantGroup;
			children = (
				F2344C8620031789001D3673 /* Base */,
			);
			name = Main.storyboard;
			sourceTree = "<group>";
		};
		F2344C8A20031789001D3673 /* LaunchScreen.storyboard */ = {
			isa = PBXVariantGroup;
			children = (
				F2344C8B20031789001D3673 /* Base */,
			);
			name = LaunchScreen.storyboard;
			sourceTree = "<group>";
		};
/* End PBXVariantGroup section */

/* Begin XCBuildConfiguration section */
		F2344CA420031789001D3673 /* Debug */ = {
			isa = XCBuildConfiguration;
			buildSettings = {
				ALWAYS_SEARCH_USER_PATHS = NO;
				CLANG_ANALYZER_NONNULL = YES;
				CLANG_ANALYZER_NUMBER_OBJECT_CONVERSION = YES_AGGRESSIVE;
				CLANG_CXX_LANGUAGE_STANDARD = "gnu++14";
				CLANG_CXX_LIBRARY = "libc++";
				CLANG_ENABLE_MODULES = YES;
				CLANG_ENABLE_OBJC_ARC = YES;
				CLANG_WARN_BLOCK_CAPTURE_AUTORELEASING = YES;
				CLANG_WARN_BOOL_CONVERSION = YES;
				CLANG_WARN_COMMA = YES;
				CLANG_WARN_CONSTANT_CONVERSION = YES;
				CLANG_WARN_DIRECT_OBJC_ISA_USAGE = YES_ERROR;
				CLANG_WARN_DOCUMENTATION_COMMENTS = YES;
				CLANG_WARN_EMPTY_BODY = YES;
				CLANG_WARN_ENUM_CONVERSION = YES;
				CLANG_WARN_INFINITE_RECURSION = YES;
				CLANG_WARN_INT_CONVERSION = YES;
				CLANG_WARN_NON_LITERAL_NULL_CONVERSION = YES;
				CLANG_WARN_OBJC_LITERAL_CONVERSION = YES;
				CLANG_WARN_OBJC_ROOT_CLASS = YES_ERROR;
				CLANG_WARN_RANGE_LOOP_ANALYSIS = YES;
				CLANG_WARN_STRICT_PROTOTYPES = YES;
				CLANG_WARN_SUSPICIOUS_MOVE = YES;
				CLANG_WARN_UNGUARDED_AVAILABILITY = YES_AGGRESSIVE;
				CLANG_WARN_UNREACHABLE_CODE = YES;
				CLANG_WARN__DUPLICATE_METHOD_MATCH = YES;
				CODE_SIGN_IDENTITY = "iPhone Developer";
				COPY_PHASE_STRIP = NO;
				DEBUG_INFORMATION_FORMAT = dwarf;
				ENABLE_STRICT_OBJC_MSGSEND = YES;
				ENABLE_TESTABILITY = YES;
				GCC_C_LANGUAGE_STANDARD = gnu11;
				GCC_DYNAMIC_NO_PIC = NO;
				GCC_NO_COMMON_BLOCKS = YES;
				GCC_OPTIMIZATION_LEVEL = 0;
				GCC_PREPROCESSOR_DEFINITIONS = (
					"DEBUG=1",
					"$(inherited)",
				);
				GCC_WARN_64_TO_32_BIT_CONVERSION = YES;
				GCC_WARN_ABOUT_RETURN_TYPE = YES_ERROR;
				GCC_WARN_UNDECLARED_SELECTOR = YES;
				GCC_WARN_UNINITIALIZED_AUTOS = YES_AGGRESSIVE;
				GCC_WARN_UNUSED_FUNCTION = YES;
				GCC_WARN_UNUSED_VARIABLE = YES;
				IPHONEOS_DEPLOYMENT_TARGET = 11.2;
				MTL_ENABLE_DEBUG_INFO = YES;
				ONLY_ACTIVE_ARCH = YES;
				SDKROOT = iphoneos;
				SWIFT_ACTIVE_COMPILATION_CONDITIONS = DEBUG;
				SWIFT_OPTIMIZATION_LEVEL = "-Onone";
			};
			name = Debug;
		};
		F2344CA520031789001D3673 /* Release */ = {
			isa = XCBuildConfiguration;
			buildSettings = {
				ALWAYS_SEARCH_USER_PATHS = NO;
				CLANG_ANALYZER_NONNULL = YES;
				CLANG_ANALYZER_NUMBER_OBJECT_CONVERSION = YES_AGGRESSIVE;
				CLANG_CXX_LANGUAGE_STANDARD = "gnu++14";
				CLANG_CXX_LIBRARY = "libc++";
				CLANG_ENABLE_MODULES = YES;
				CLANG_ENABLE_OBJC_ARC = YES;
				CLANG_WARN_BLOCK_CAPTURE_AUTORELEASING = YES;
				CLANG_WARN_BOOL_CONVERSION = YES;
				CLANG_WARN_COMMA = YES;
				CLANG_WARN_CONSTANT_CONVERSION = YES;
				CLANG_WARN_DIRECT_OBJC_ISA_USAGE = YES_ERROR;
				CLANG_WARN_DOCUMENTATION_COMMENTS = YES;
				CLANG_WARN_EMPTY_BODY = YES;
				CLANG_WARN_ENUM_CONVERSION = YES;
				CLANG_WARN_INFINITE_RECURSION = YES;
				CLANG_WARN_INT_CONVERSION = YES;
				CLANG_WARN_NON_LITERAL_NULL_CONVERSION = YES;
				CLANG_WARN_OBJC_LITERAL_CONVERSION = YES;
				CLANG_WARN_OBJC_ROOT_CLASS = YES_ERROR;
				CLANG_WARN_RANGE_LOOP_ANALYSIS = YES;
				CLANG_WARN_STRICT_PROTOTYPES = YES;
				CLANG_WARN_SUSPICIOUS_MOVE = YES;
				CLANG_WARN_UNGUARDED_AVAILABILITY = YES_AGGRESSIVE;
				CLANG_WARN_UNREACHABLE_CODE = YES;
				CLANG_WARN__DUPLICATE_METHOD_MATCH = YES;
				CODE_SIGN_IDENTITY = "iPhone Developer";
				COPY_PHASE_STRIP = NO;
				DEBUG_INFORMATION_FORMAT = "dwarf-with-dsym";
				ENABLE_NS_ASSERTIONS = NO;
				ENABLE_STRICT_OBJC_MSGSEND = YES;
				GCC_C_LANGUAGE_STANDARD = gnu11;
				GCC_NO_COMMON_BLOCKS = YES;
				GCC_WARN_64_TO_32_BIT_CONVERSION = YES;
				GCC_WARN_ABOUT_RETURN_TYPE = YES_ERROR;
				GCC_WARN_UNDECLARED_SELECTOR = YES;
				GCC_WARN_UNINITIALIZED_AUTOS = YES_AGGRESSIVE;
				GCC_WARN_UNUSED_FUNCTION = YES;
				GCC_WARN_UNUSED_VARIABLE = YES;
				IPHONEOS_DEPLOYMENT_TARGET = 11.2;
				MTL_ENABLE_DEBUG_INFO = NO;
				SDKROOT = iphoneos;
				SWIFT_OPTIMIZATION_LEVEL = "-Owholemodule";
				VALIDATE_PRODUCT = YES;
			};
			name = Release;
		};
		F2344CA720031789001D3673 /* Debug */ = {
			isa = XCBuildConfiguration;
			baseConfigurationReference = FE5A2D76CEBDBB25461B4901 /* Pods-EMTableView.debug.xcconfig */;
			buildSettings = {
				ASSETCATALOG_COMPILER_APPICON_NAME = AppIcon;
				CODE_SIGN_STYLE = Automatic;
				DEVELOPMENT_TEAM = Z35S5YC8FE;
				INFOPLIST_FILE = EMTableView/Info.plist;
				LD_RUNPATH_SEARCH_PATHS = "$(inherited) @executable_path/Frameworks";
				PRODUCT_BUNDLE_IDENTIFIER = br.com.edgardmatos.EMTableView;
				PRODUCT_NAME = "$(TARGET_NAME)";
				SWIFT_VERSION = 4.0;
				TARGETED_DEVICE_FAMILY = "1,2";
			};
			name = Debug;
		};
		F2344CA820031789001D3673 /* Release */ = {
			isa = XCBuildConfiguration;
			baseConfigurationReference = CC3A1D2B9C249DA04C88526B /* Pods-EMTableView.release.xcconfig */;
			buildSettings = {
				ASSETCATALOG_COMPILER_APPICON_NAME = AppIcon;
				CODE_SIGN_STYLE = Automatic;
				DEVELOPMENT_TEAM = Z35S5YC8FE;
				INFOPLIST_FILE = EMTableView/Info.plist;
				LD_RUNPATH_SEARCH_PATHS = "$(inherited) @executable_path/Frameworks";
				PRODUCT_BUNDLE_IDENTIFIER = br.com.edgardmatos.EMTableView;
				PRODUCT_NAME = "$(TARGET_NAME)";
				SWIFT_VERSION = 4.0;
				TARGETED_DEVICE_FAMILY = "1,2";
			};
			name = Release;
		};
		F2344CAA20031789001D3673 /* Debug */ = {
			isa = XCBuildConfiguration;
			baseConfigurationReference = 6165A335F82031038CA3689D /* Pods-EMTableViewTests.debug.xcconfig */;
			buildSettings = {
				ALWAYS_EMBED_SWIFT_STANDARD_LIBRARIES = YES;
				BUNDLE_LOADER = "$(TEST_HOST)";
				CODE_SIGN_STYLE = Automatic;
				DEVELOPMENT_TEAM = Z35S5YC8FE;
				INFOPLIST_FILE = EMTableViewTests/Info.plist;
				LD_RUNPATH_SEARCH_PATHS = "$(inherited) @executable_path/Frameworks @loader_path/Frameworks";
				PRODUCT_BUNDLE_IDENTIFIER = br.com.edgardmatos.EMTableViewTests;
				PRODUCT_NAME = "$(TARGET_NAME)";
				SWIFT_VERSION = 4.0;
				TARGETED_DEVICE_FAMILY = "1,2";
				TEST_HOST = "$(BUILT_PRODUCTS_DIR)/EMTableView.app/EMTableView";
			};
			name = Debug;
		};
		F2344CAB20031789001D3673 /* Release */ = {
			isa = XCBuildConfiguration;
			baseConfigurationReference = 8C929D48FC2AEE39F82954B1 /* Pods-EMTableViewTests.release.xcconfig */;
			buildSettings = {
				ALWAYS_EMBED_SWIFT_STANDARD_LIBRARIES = YES;
				BUNDLE_LOADER = "$(TEST_HOST)";
				CODE_SIGN_STYLE = Automatic;
				DEVELOPMENT_TEAM = Z35S5YC8FE;
				INFOPLIST_FILE = EMTableViewTests/Info.plist;
				LD_RUNPATH_SEARCH_PATHS = "$(inherited) @executable_path/Frameworks @loader_path/Frameworks";
				PRODUCT_BUNDLE_IDENTIFIER = br.com.edgardmatos.EMTableViewTests;
				PRODUCT_NAME = "$(TARGET_NAME)";
				SWIFT_VERSION = 4.0;
				TARGETED_DEVICE_FAMILY = "1,2";
				TEST_HOST = "$(BUILT_PRODUCTS_DIR)/EMTableView.app/EMTableView";
			};
			name = Release;
		};
		F2344CAD20031789001D3673 /* Debug */ = {
			isa = XCBuildConfiguration;
			baseConfigurationReference = 6CC98F77932C169D0CDAB3AD /* Pods-EMTableViewUITests.debug.xcconfig */;
			buildSettings = {
				ALWAYS_EMBED_SWIFT_STANDARD_LIBRARIES = YES;
				CODE_SIGN_STYLE = Automatic;
				DEVELOPMENT_TEAM = Z35S5YC8FE;
				INFOPLIST_FILE = EMTableViewUITests/Info.plist;
				LD_RUNPATH_SEARCH_PATHS = "$(inherited) @executable_path/Frameworks @loader_path/Frameworks";
				PRODUCT_BUNDLE_IDENTIFIER = br.com.edgardmatos.EMTableViewUITests;
				PRODUCT_NAME = "$(TARGET_NAME)";
				SWIFT_VERSION = 4.0;
				TARGETED_DEVICE_FAMILY = "1,2";
				TEST_TARGET_NAME = EMTableView;
			};
			name = Debug;
		};
		F2344CAE20031789001D3673 /* Release */ = {
			isa = XCBuildConfiguration;
			baseConfigurationReference = 6EC9113B8E4CE4C9183EC0B0 /* Pods-EMTableViewUITests.release.xcconfig */;
			buildSettings = {
				ALWAYS_EMBED_SWIFT_STANDARD_LIBRARIES = YES;
				CODE_SIGN_STYLE = Automatic;
				DEVELOPMENT_TEAM = Z35S5YC8FE;
				INFOPLIST_FILE = EMTableViewUITests/Info.plist;
				LD_RUNPATH_SEARCH_PATHS = "$(inherited) @executable_path/Frameworks @loader_path/Frameworks";
				PRODUCT_BUNDLE_IDENTIFIER = br.com.edgardmatos.EMTableViewUITests;
				PRODUCT_NAME = "$(TARGET_NAME)";
				SWIFT_VERSION = 4.0;
				TARGETED_DEVICE_FAMILY = "1,2";
				TEST_TARGET_NAME = EMTableView;
			};
			name = Release;
		};
/* End XCBuildConfiguration section */

/* Begin XCConfigurationList section */
		F2344C7920031789001D3673 /* Build configuration list for PBXProject "EMTableView" */ = {
			isa = XCConfigurationList;
			buildConfigurations = (
				F2344CA420031789001D3673 /* Debug */,
				F2344CA520031789001D3673 /* Release */,
			);
			defaultConfigurationIsVisible = 0;
			defaultConfigurationName = Release;
		};
		F2344CA620031789001D3673 /* Build configuration list for PBXNativeTarget "EMTableView" */ = {
			isa = XCConfigurationList;
			buildConfigurations = (
				F2344CA720031789001D3673 /* Debug */,
				F2344CA820031789001D3673 /* Release */,
			);
			defaultConfigurationIsVisible = 0;
			defaultConfigurationName = Release;
		};
		F2344CA920031789001D3673 /* Build configuration list for PBXNativeTarget "EMTableViewTests" */ = {
			isa = XCConfigurationList;
			buildConfigurations = (
				F2344CAA20031789001D3673 /* Debug */,
				F2344CAB20031789001D3673 /* Release */,
			);
			defaultConfigurationIsVisible = 0;
			defaultConfigurationName = Release;
		};
		F2344CAC20031789001D3673 /* Build configuration list for PBXNativeTarget "EMTableViewUITests" */ = {
			isa = XCConfigurationList;
			buildConfigurations = (
				F2344CAD20031789001D3673 /* Debug */,
				F2344CAE20031789001D3673 /* Release */,
			);
			defaultConfigurationIsVisible = 0;
			defaultConfigurationName = Release;
		};
/* End XCConfigurationList section */
	};
	rootObject = F2344C7620031789001D3673 /* Project object */;
}
